// !$*UTF8*$!
{
	archiveVersion = 1;
	classes = {
	};
	objectVersion = 56;
	objects = {

/* Begin PBXBuildFile section */
		1DF02D948D1BDBD8A36A26DA /* Pods_Strats360_KidsApp.framework in Frameworks */ = {isa = PBXBuildFile; fileRef = 5B176DCB86172D74D828303C /* Pods_Strats360_KidsApp.framework */; };
		8F31C7C22965AC0100554AB8 /* AppDelegate.swift in Sources */ = {isa = PBXBuildFile; fileRef = 8F31C7C12965AC0100554AB8 /* AppDelegate.swift */; };
		8F31C7C42965AC0100554AB8 /* SceneDelegate.swift in Sources */ = {isa = PBXBuildFile; fileRef = 8F31C7C32965AC0100554AB8 /* SceneDelegate.swift */; };
		8F31C7C62965AC0100554AB8 /* DescriptionViewController.swift in Sources */ = {isa = PBXBuildFile; fileRef = 8F31C7C52965AC0100554AB8 /* DescriptionViewController.swift */; };
		8F31C7C92965AC0100554AB8 /* Main.storyboard in Resources */ = {isa = PBXBuildFile; fileRef = 8F31C7C72965AC0100554AB8 /* Main.storyboard */; };
		8F31C7CB2965AC0400554AB8 /* Assets.xcassets in Resources */ = {isa = PBXBuildFile; fileRef = 8F31C7CA2965AC0400554AB8 /* Assets.xcassets */; };
		8F31C7CE2965AC0400554AB8 /* LaunchScreen.storyboard in Resources */ = {isa = PBXBuildFile; fileRef = 8F31C7CC2965AC0400554AB8 /* LaunchScreen.storyboard */; };
		8F31C7DD2966994C00554AB8 /* CustomModel.swift in Sources */ = {isa = PBXBuildFile; fileRef = 8F31C7DC2966994C00554AB8 /* CustomModel.swift */; };
		8F31C7ED2966B7CB00554AB8 /* Roboto-BlackItalic.ttf in Resources */ = {isa = PBXBuildFile; fileRef = 8F31C7E02966B7C900554AB8 /* Roboto-BlackItalic.ttf */; };
		8F31C7EE2966B7CB00554AB8 /* Roboto-Medium.ttf in Resources */ = {isa = PBXBuildFile; fileRef = 8F31C7E12966B7C900554AB8 /* Roboto-Medium.ttf */; };
		8F31C7EF2966B7CB00554AB8 /* Roboto-ThinItalic.ttf in Resources */ = {isa = PBXBuildFile; fileRef = 8F31C7E22966B7C900554AB8 /* Roboto-ThinItalic.ttf */; };
		8F31C7F02966B7CB00554AB8 /* Roboto-Light.ttf in Resources */ = {isa = PBXBuildFile; fileRef = 8F31C7E32966B7C900554AB8 /* Roboto-Light.ttf */; };
		8F31C7F12966B7CB00554AB8 /* Roboto-Bold.ttf in Resources */ = {isa = PBXBuildFile; fileRef = 8F31C7E42966B7CA00554AB8 /* Roboto-Bold.ttf */; };
		8F31C7F22966B7CB00554AB8 /* Roboto-LightItalic.ttf in Resources */ = {isa = PBXBuildFile; fileRef = 8F31C7E52966B7CA00554AB8 /* Roboto-LightItalic.ttf */; };
		8F31C7F32966B7CB00554AB8 /* Roboto-Black.ttf in Resources */ = {isa = PBXBuildFile; fileRef = 8F31C7E62966B7CA00554AB8 /* Roboto-Black.ttf */; };
		8F31C7F42966B7CB00554AB8 /* Roboto-Italic.ttf in Resources */ = {isa = PBXBuildFile; fileRef = 8F31C7E72966B7CA00554AB8 /* Roboto-Italic.ttf */; };
		8F31C7F52966B7CB00554AB8 /* Roboto-BoldItalic.ttf in Resources */ = {isa = PBXBuildFile; fileRef = 8F31C7E82966B7CA00554AB8 /* Roboto-BoldItalic.ttf */; };
		8F31C7F62966B7CB00554AB8 /* Roboto-Regular.ttf in Resources */ = {isa = PBXBuildFile; fileRef = 8F31C7E92966B7CA00554AB8 /* Roboto-Regular.ttf */; };
		8F31C7F72966B7CB00554AB8 /* Roboto-Thin.ttf in Resources */ = {isa = PBXBuildFile; fileRef = 8F31C7EA2966B7CA00554AB8 /* Roboto-Thin.ttf */; };
		8F31C7F82966B7CB00554AB8 /* Roboto-MediumItalic.ttf in Resources */ = {isa = PBXBuildFile; fileRef = 8F31C7EB2966B7CA00554AB8 /* Roboto-MediumItalic.ttf */; };
		8F31C7F92966B7CB00554AB8 /* LICENSE.txt in Resources */ = {isa = PBXBuildFile; fileRef = 8F31C7EC2966B7CA00554AB8 /* LICENSE.txt */; };
		8F31C7FC2966EE2700554AB8 /* SignUpViewController.swift in Sources */ = {isa = PBXBuildFile; fileRef = 8F31C7FB2966EE2600554AB8 /* SignUpViewController.swift */; };
		8F31C7FE29671C3A00554AB8 /* LoginViewController.swift in Sources */ = {isa = PBXBuildFile; fileRef = 8F31C7FD29671C3A00554AB8 /* LoginViewController.swift */; };
		8F98E964296C001300B6D71A /* StartNavController.swift in Sources */ = {isa = PBXBuildFile; fileRef = 8F98E963296C001300B6D71A /* StartNavController.swift */; };
		8F98E967296C1B6900B6D71A /* HomePageNavController.swift in Sources */ = {isa = PBXBuildFile; fileRef = 8F98E966296C1B6900B6D71A /* HomePageNavController.swift */; };
		8FCC73C329685236000F8DE5 /* HomePageViewController.swift in Sources */ = {isa = PBXBuildFile; fileRef = 8FCC73C229685236000F8DE5 /* HomePageViewController.swift */; };
		8FCFC4C829797C9D00B136ED /* GoogleService-Info.plist in Resources */ = {isa = PBXBuildFile; fileRef = 8FCFC4C729797C9D00B136ED /* GoogleService-Info.plist */; };
		8FCFC4CA297A752200B136ED /* ProfileViewController.swift in Sources */ = {isa = PBXBuildFile; fileRef = 8FCFC4C9297A752200B136ED /* ProfileViewController.swift */; };
		8FE7C5FD296C402600F3E67E /* ChapterViewController.swift in Sources */ = {isa = PBXBuildFile; fileRef = 8FE7C5FC296C402600F3E67E /* ChapterViewController.swift */; };
/* End PBXBuildFile section */

/* Begin PBXFileReference section */
		2E07282F1800FC428CD2EF97 /* Pods-Strats360_KidsApp.release.xcconfig */ = {isa = PBXFileReference; includeInIndex = 1; lastKnownFileType = text.xcconfig; name = "Pods-Strats360_KidsApp.release.xcconfig"; path = "Target Support Files/Pods-Strats360_KidsApp/Pods-Strats360_KidsApp.release.xcconfig"; sourceTree = "<group>"; };
		54C23F2EB65C218EDCFAE9AE /* Pods-Strats360_KidsApp.debug.xcconfig */ = {isa = PBXFileReference; includeInIndex = 1; lastKnownFileType = text.xcconfig; name = "Pods-Strats360_KidsApp.debug.xcconfig"; path = "Target Support Files/Pods-Strats360_KidsApp/Pods-Strats360_KidsApp.debug.xcconfig"; sourceTree = "<group>"; };
		5B176DCB86172D74D828303C /* Pods_Strats360_KidsApp.framework */ = {isa = PBXFileReference; explicitFileType = wrapper.framework; includeInIndex = 0; path = Pods_Strats360_KidsApp.framework; sourceTree = BUILT_PRODUCTS_DIR; };
		8F31C7BE2965AC0100554AB8 /* Strats360_KidsApp.app */ = {isa = PBXFileReference; explicitFileType = wrapper.application; includeInIndex = 0; path = Strats360_KidsApp.app; sourceTree = BUILT_PRODUCTS_DIR; };
		8F31C7C12965AC0100554AB8 /* AppDelegate.swift */ = {isa = PBXFileReference; lastKnownFileType = sourcecode.swift; path = AppDelegate.swift; sourceTree = "<group>"; };
		8F31C7C32965AC0100554AB8 /* SceneDelegate.swift */ = {isa = PBXFileReference; lastKnownFileType = sourcecode.swift; path = SceneDelegate.swift; sourceTree = "<group>"; };
		8F31C7C52965AC0100554AB8 /* DescriptionViewController.swift */ = {isa = PBXFileReference; lastKnownFileType = sourcecode.swift; path = DescriptionViewController.swift; sourceTree = "<group>"; };
		8F31C7C82965AC0100554AB8 /* Base */ = {isa = PBXFileReference; lastKnownFileType = file.storyboard; name = Base; path = Base.lproj/Main.storyboard; sourceTree = "<group>"; };
		8F31C7CA2965AC0400554AB8 /* Assets.xcassets */ = {isa = PBXFileReference; lastKnownFileType = folder.assetcatalog; path = Assets.xcassets; sourceTree = "<group>"; };
		8F31C7CD2965AC0400554AB8 /* Base */ = {isa = PBXFileReference; lastKnownFileType = file.storyboard; name = Base; path = Base.lproj/LaunchScreen.storyboard; sourceTree = "<group>"; };
		8F31C7CF2965AC0400554AB8 /* Info.plist */ = {isa = PBXFileReference; lastKnownFileType = text.plist.xml; path = Info.plist; sourceTree = "<group>"; };
		8F31C7DC2966994C00554AB8 /* CustomModel.swift */ = {isa = PBXFileReference; lastKnownFileType = sourcecode.swift; path = CustomModel.swift; sourceTree = "<group>"; };
		8F31C7E02966B7C900554AB8 /* Roboto-BlackItalic.ttf */ = {isa = PBXFileReference; lastKnownFileType = file; path = "Roboto-BlackItalic.ttf"; sourceTree = "<group>"; };
		8F31C7E12966B7C900554AB8 /* Roboto-Medium.ttf */ = {isa = PBXFileReference; lastKnownFileType = file; path = "Roboto-Medium.ttf"; sourceTree = "<group>"; };
		8F31C7E22966B7C900554AB8 /* Roboto-ThinItalic.ttf */ = {isa = PBXFileReference; lastKnownFileType = file; path = "Roboto-ThinItalic.ttf"; sourceTree = "<group>"; };
		8F31C7E32966B7C900554AB8 /* Roboto-Light.ttf */ = {isa = PBXFileReference; lastKnownFileType = file; path = "Roboto-Light.ttf"; sourceTree = "<group>"; };
		8F31C7E42966B7CA00554AB8 /* Roboto-Bold.ttf */ = {isa = PBXFileReference; lastKnownFileType = file; path = "Roboto-Bold.ttf"; sourceTree = "<group>"; };
		8F31C7E52966B7CA00554AB8 /* Roboto-LightItalic.ttf */ = {isa = PBXFileReference; lastKnownFileType = file; path = "Roboto-LightItalic.ttf"; sourceTree = "<group>"; };
		8F31C7E62966B7CA00554AB8 /* Roboto-Black.ttf */ = {isa = PBXFileReference; lastKnownFileType = file; path = "Roboto-Black.ttf"; sourceTree = "<group>"; };
		8F31C7E72966B7CA00554AB8 /* Roboto-Italic.ttf */ = {isa = PBXFileReference; lastKnownFileType = file; path = "Roboto-Italic.ttf"; sourceTree = "<group>"; };
		8F31C7E82966B7CA00554AB8 /* Roboto-BoldItalic.ttf */ = {isa = PBXFileReference; lastKnownFileType = file; path = "Roboto-BoldItalic.ttf"; sourceTree = "<group>"; };
		8F31C7E92966B7CA00554AB8 /* Roboto-Regular.ttf */ = {isa = PBXFileReference; lastKnownFileType = file; path = "Roboto-Regular.ttf"; sourceTree = "<group>"; };
		8F31C7EA2966B7CA00554AB8 /* Roboto-Thin.ttf */ = {isa = PBXFileReference; lastKnownFileType = file; path = "Roboto-Thin.ttf"; sourceTree = "<group>"; };
		8F31C7EB2966B7CA00554AB8 /* Roboto-MediumItalic.ttf */ = {isa = PBXFileReference; lastKnownFileType = file; path = "Roboto-MediumItalic.ttf"; sourceTree = "<group>"; };
		8F31C7EC2966B7CA00554AB8 /* LICENSE.txt */ = {isa = PBXFileReference; lastKnownFileType = text; path = LICENSE.txt; sourceTree = "<group>"; };
		8F31C7FB2966EE2600554AB8 /* SignUpViewController.swift */ = {isa = PBXFileReference; lastKnownFileType = sourcecode.swift; path = SignUpViewController.swift; sourceTree = "<group>"; };
		8F31C7FD29671C3A00554AB8 /* LoginViewController.swift */ = {isa = PBXFileReference; lastKnownFileType = sourcecode.swift; path = LoginViewController.swift; sourceTree = "<group>"; };
		8F98E963296C001300B6D71A /* StartNavController.swift */ = {isa = PBXFileReference; lastKnownFileType = sourcecode.swift; path = StartNavController.swift; sourceTree = "<group>"; };
		8F98E966296C1B6900B6D71A /* HomePageNavController.swift */ = {isa = PBXFileReference; lastKnownFileType = sourcecode.swift; path = HomePageNavController.swift; sourceTree = "<group>"; };
		8FCC73C229685236000F8DE5 /* HomePageViewController.swift */ = {isa = PBXFileReference; lastKnownFileType = sourcecode.swift; path = HomePageViewController.swift; sourceTree = "<group>"; };
		8FCFC4C729797C9D00B136ED /* GoogleService-Info.plist */ = {isa = PBXFileReference; fileEncoding = 4; lastKnownFileType = text.plist.xml; path = "GoogleService-Info.plist"; sourceTree = "<group>"; };
		8FCFC4C9297A752200B136ED /* ProfileViewController.swift */ = {isa = PBXFileReference; lastKnownFileType = sourcecode.swift; name = ProfileViewController.swift; path = "Strats360_KidsApp/VC's/HomePageVC's/ProfileViewController.swift"; sourceTree = SOURCE_ROOT; };
		8FE7C5FC296C402600F3E67E /* ChapterViewController.swift */ = {isa = PBXFileReference; lastKnownFileType = sourcecode.swift; path = ChapterViewController.swift; sourceTree = "<group>"; };
/* End PBXFileReference section */

/* Begin PBXFrameworksBuildPhase section */
		8F31C7BB2965AC0100554AB8 /* Frameworks */ = {
			isa = PBXFrameworksBuildPhase;
			buildActionMask = 2147483647;
			files = (
				1DF02D948D1BDBD8A36A26DA /* Pods_Strats360_KidsApp.framework in Frameworks */,
			);
			runOnlyForDeploymentPostprocessing = 0;
		};
/* End PBXFrameworksBuildPhase section */

/* Begin PBXGroup section */
		54CEC959D392600B20D3371F /* Frameworks */ = {
			isa = PBXGroup;
			children = (
				5B176DCB86172D74D828303C /* Pods_Strats360_KidsApp.framework */,
			);
			name = Frameworks;
			sourceTree = "<group>";
		};
		8F31C7B52965AC0100554AB8 = {
			isa = PBXGroup;
			children = (
				8F31C7FA2966B7D800554AB8 /* Roboto Fonts */,
				8F31C7C02965AC0100554AB8 /* Strats360_KidsApp */,
				8F31C7CC2965AC0400554AB8 /* LaunchScreen.storyboard */,
				8F31C7CA2965AC0400554AB8 /* Assets.xcassets */,
				8F31C7CF2965AC0400554AB8 /* Info.plist */,
				8FCFC4C729797C9D00B136ED /* GoogleService-Info.plist */,
				8F31C7BF2965AC0100554AB8 /* Products */,
				BEB01B0DAFC2DAC0379857DC /* Pods */,
				54CEC959D392600B20D3371F /* Frameworks */,
			);
			sourceTree = "<group>";
		};
		8F31C7BF2965AC0100554AB8 /* Products */ = {
			isa = PBXGroup;
			children = (
				8F31C7BE2965AC0100554AB8 /* Strats360_KidsApp.app */,
			);
			name = Products;
			sourceTree = "<group>";
		};
		8F31C7C02965AC0100554AB8 /* Strats360_KidsApp */ = {
			isa = PBXGroup;
			children = (
				8F31C7D8296698F900554AB8 /* SystemDelegates */,
				8F31C7DE2966995000554AB8 /* Model */,
				8F31C7D92966991F00554AB8 /* View */,
				8F31C7D7296698EF00554AB8 /* VC's */,
			);
			path = Strats360_KidsApp;
			sourceTree = "<group>";
		};
		8F31C7D7296698EF00554AB8 /* VC's */ = {
			isa = PBXGroup;
			children = (
				8F98E965296C001600B6D71A /* NAV's */,
				8FCC73C129684056000F8DE5 /* Intro VC's */,
				8FCC73C42968523C000F8DE5 /* HomePageVC's */,
			);
			path = "VC's";
			sourceTree = "<group>";
		};
		8F31C7D8296698F900554AB8 /* SystemDelegates */ = {
			isa = PBXGroup;
			children = (
				8F31C7C12965AC0100554AB8 /* AppDelegate.swift */,
				8F31C7C32965AC0100554AB8 /* SceneDelegate.swift */,
			);
			path = SystemDelegates;
			sourceTree = "<group>";
		};
		8F31C7D92966991F00554AB8 /* View */ = {
			isa = PBXGroup;
			children = (
				8F31C7C72965AC0100554AB8 /* Main.storyboard */,
			);
			path = View;
			sourceTree = "<group>";
		};
		8F31C7DE2966995000554AB8 /* Model */ = {
			isa = PBXGroup;
			children = (
				8F31C7DC2966994C00554AB8 /* CustomModel.swift */,
			);
			path = Model;
			sourceTree = "<group>";
		};
		8F31C7FA2966B7D800554AB8 /* Roboto Fonts */ = {
			isa = PBXGroup;
			children = (
				8F31C7EC2966B7CA00554AB8 /* LICENSE.txt */,
				8F31C7E62966B7CA00554AB8 /* Roboto-Black.ttf */,
				8F31C7E02966B7C900554AB8 /* Roboto-BlackItalic.ttf */,
				8F31C7E42966B7CA00554AB8 /* Roboto-Bold.ttf */,
				8F31C7E82966B7CA00554AB8 /* Roboto-BoldItalic.ttf */,
				8F31C7E72966B7CA00554AB8 /* Roboto-Italic.ttf */,
				8F31C7E32966B7C900554AB8 /* Roboto-Light.ttf */,
				8F31C7E52966B7CA00554AB8 /* Roboto-LightItalic.ttf */,
				8F31C7E12966B7C900554AB8 /* Roboto-Medium.ttf */,
				8F31C7EB2966B7CA00554AB8 /* Roboto-MediumItalic.ttf */,
				8F31C7E92966B7CA00554AB8 /* Roboto-Regular.ttf */,
				8F31C7EA2966B7CA00554AB8 /* Roboto-Thin.ttf */,
				8F31C7E22966B7C900554AB8 /* Roboto-ThinItalic.ttf */,
			);
			path = "Roboto Fonts";
			sourceTree = "<group>";
		};
		8F98E965296C001600B6D71A /* NAV's */ = {
			isa = PBXGroup;
			children = (
				8F98E963296C001300B6D71A /* StartNavController.swift */,
				8F98E966296C1B6900B6D71A /* HomePageNavController.swift */,
			);
			path = "NAV's";
			sourceTree = "<group>";
		};
		8FCC73C129684056000F8DE5 /* Intro VC's */ = {
			isa = PBXGroup;
			children = (
				8F31C7C52965AC0100554AB8 /* DescriptionViewController.swift */,
				8F31C7FD29671C3A00554AB8 /* LoginViewController.swift */,
				8F31C7FB2966EE2600554AB8 /* SignUpViewController.swift */,
			);
			path = "Intro VC's";
			sourceTree = "<group>";
		};
		8FCC73C42968523C000F8DE5 /* HomePageVC's */ = {
			isa = PBXGroup;
			children = (
				8FCC73C229685236000F8DE5 /* HomePageViewController.swift */,
				8FCFC4C9297A752200B136ED /* ProfileViewController.swift */,
				8FE7C5FC296C402600F3E67E /* ChapterViewController.swift */,
			);
			path = "HomePageVC's";
			sourceTree = "<group>";
		};
		BEB01B0DAFC2DAC0379857DC /* Pods */ = {
			isa = PBXGroup;
			children = (
				54C23F2EB65C218EDCFAE9AE /* Pods-Strats360_KidsApp.debug.xcconfig */,
				2E07282F1800FC428CD2EF97 /* Pods-Strats360_KidsApp.release.xcconfig */,
			);
			path = Pods;
			sourceTree = "<group>";
		};
/* End PBXGroup section */

/* Begin PBXNativeTarget section */
		8F31C7BD2965AC0100554AB8 /* Strats360_KidsApp */ = {
			isa = PBXNativeTarget;
			buildConfigurationList = 8F31C7D22965AC0400554AB8 /* Build configuration list for PBXNativeTarget "Strats360_KidsApp" */;
			buildPhases = (
				F101FC465FAAA9ACF35EF85F /* [CP] Check Pods Manifest.lock */,
				8F31C7BA2965AC0100554AB8 /* Sources */,
				8F31C7BB2965AC0100554AB8 /* Frameworks */,
				8F31C7BC2965AC0100554AB8 /* Resources */,
				B05A3A23D5E8A06E187DEEEE /* [CP] Embed Pods Frameworks */,
			);
			buildRules = (
			);
			dependencies = (
			);
			name = Strats360_KidsApp;
			productName = Strats360_KidsApp;
			productReference = 8F31C7BE2965AC0100554AB8 /* Strats360_KidsApp.app */;
			productType = "com.apple.product-type.application";
		};
/* End PBXNativeTarget section */

/* Begin PBXProject section */
		8F31C7B62965AC0100554AB8 /* Project object */ = {
			isa = PBXProject;
			attributes = {
				BuildIndependentTargetsInParallel = 1;
				LastSwiftUpdateCheck = 1410;
				LastUpgradeCheck = 1410;
				TargetAttributes = {
					8F31C7BD2965AC0100554AB8 = {
						CreatedOnToolsVersion = 14.1;
					};
				};
			};
			buildConfigurationList = 8F31C7B92965AC0100554AB8 /* Build configuration list for PBXProject "Strats360_KidsApp" */;
			compatibilityVersion = "Xcode 14.0";
			developmentRegion = en;
			hasScannedForEncodings = 0;
			knownRegions = (
				en,
				Base,
			);
			mainGroup = 8F31C7B52965AC0100554AB8;
			productRefGroup = 8F31C7BF2965AC0100554AB8 /* Products */;
			projectDirPath = "";
			projectRoot = "";
			targets = (
				8F31C7BD2965AC0100554AB8 /* Strats360_KidsApp */,
			);
		};
/* End PBXProject section */

/* Begin PBXResourcesBuildPhase section */
		8F31C7BC2965AC0100554AB8 /* Resources */ = {
			isa = PBXResourcesBuildPhase;
			buildActionMask = 2147483647;
			files = (
				8F31C7ED2966B7CB00554AB8 /* Roboto-BlackItalic.ttf in Resources */,
				8F31C7EE2966B7CB00554AB8 /* Roboto-Medium.ttf in Resources */,
				8F31C7EF2966B7CB00554AB8 /* Roboto-ThinItalic.ttf in Resources */,
				8F31C7F02966B7CB00554AB8 /* Roboto-Light.ttf in Resources */,
				8F31C7F12966B7CB00554AB8 /* Roboto-Bold.ttf in Resources */,
				8F31C7F22966B7CB00554AB8 /* Roboto-LightItalic.ttf in Resources */,
				8F31C7F32966B7CB00554AB8 /* Roboto-Black.ttf in Resources */,
				8F31C7F42966B7CB00554AB8 /* Roboto-Italic.ttf in Resources */,
				8F31C7F52966B7CB00554AB8 /* Roboto-BoldItalic.ttf in Resources */,
				8F31C7F62966B7CB00554AB8 /* Roboto-Regular.ttf in Resources */,
				8F31C7F72966B7CB00554AB8 /* Roboto-Thin.ttf in Resources */,
				8F31C7F82966B7CB00554AB8 /* Roboto-MediumItalic.ttf in Resources */,
				8FCFC4C829797C9D00B136ED /* GoogleService-Info.plist in Resources */,
				8F31C7F92966B7CB00554AB8 /* LICENSE.txt in Resources */,
				8F31C7CE2965AC0400554AB8 /* LaunchScreen.storyboard in Resources */,
				8F31C7CB2965AC0400554AB8 /* Assets.xcassets in Resources */,
				8F31C7C92965AC0100554AB8 /* Main.storyboard in Resources */,
			);
			runOnlyForDeploymentPostprocessing = 0;
		};
/* End PBXResourcesBuildPhase section */

/* Begin PBXShellScriptBuildPhase section */
		B05A3A23D5E8A06E187DEEEE /* [CP] Embed Pods Frameworks */ = {
			isa = PBXShellScriptBuildPhase;
			buildActionMask = 2147483647;
			files = (
			);
			inputFileListPaths = (
				"${PODS_ROOT}/Target Support Files/Pods-Strats360_KidsApp/Pods-Strats360_KidsApp-frameworks-${CONFIGURATION}-input-files.xcfilelist",
			);
			name = "[CP] Embed Pods Frameworks";
			outputFileListPaths = (
				"${PODS_ROOT}/Target Support Files/Pods-Strats360_KidsApp/Pods-Strats360_KidsApp-frameworks-${CONFIGURATION}-output-files.xcfilelist",
			);
			runOnlyForDeploymentPostprocessing = 0;
			shellPath = /bin/sh;
			shellScript = "\"${PODS_ROOT}/Target Support Files/Pods-Strats360_KidsApp/Pods-Strats360_KidsApp-frameworks.sh\"\n";
			showEnvVarsInLog = 0;
		};
		F101FC465FAAA9ACF35EF85F /* [CP] Check Pods Manifest.lock */ = {
			isa = PBXShellScriptBuildPhase;
			buildActionMask = 2147483647;
			files = (
			);
			inputFileListPaths = (
			);
			inputPaths = (
				"${PODS_PODFILE_DIR_PATH}/Podfile.lock",
				"${PODS_ROOT}/Manifest.lock",
			);
			name = "[CP] Check Pods Manifest.lock";
			outputFileListPaths = (
			);
			outputPaths = (
				"$(DERIVED_FILE_DIR)/Pods-Strats360_KidsApp-checkManifestLockResult.txt",
			);
			runOnlyForDeploymentPostprocessing = 0;
			shellPath = /bin/sh;
			shellScript = "diff \"${PODS_PODFILE_DIR_PATH}/Podfile.lock\" \"${PODS_ROOT}/Manifest.lock\" > /dev/null\nif [ $? != 0 ] ; then\n    # print error to STDERR\n    echo \"error: The sandbox is not in sync with the Podfile.lock. Run 'pod install' or update your CocoaPods installation.\" >&2\n    exit 1\nfi\n# This output is used by Xcode 'outputs' to avoid re-running this script phase.\necho \"SUCCESS\" > \"${SCRIPT_OUTPUT_FILE_0}\"\n";
			showEnvVarsInLog = 0;
		};
/* End PBXShellScriptBuildPhase section */

/* Begin PBXSourcesBuildPhase section */
		8F31C7BA2965AC0100554AB8 /* Sources */ = {
			isa = PBXSourcesBuildPhase;
			buildActionMask = 2147483647;
			files = (
				8FE7C5FD296C402600F3E67E /* ChapterViewController.swift in Sources */,
				8F98E967296C1B6900B6D71A /* HomePageNavController.swift in Sources */,
				8F31C7FE29671C3A00554AB8 /* LoginViewController.swift in Sources */,
				8FCC73C329685236000F8DE5 /* HomePageViewController.swift in Sources */,
				8F98E964296C001300B6D71A /* StartNavController.swift in Sources */,
				8F31C7DD2966994C00554AB8 /* CustomModel.swift in Sources */,
				8FCFC4CA297A752200B136ED /* ProfileViewController.swift in Sources */,
				8F31C7C62965AC0100554AB8 /* DescriptionViewController.swift in Sources */,
				8F31C7C22965AC0100554AB8 /* AppDelegate.swift in Sources */,
				8F31C7C42965AC0100554AB8 /* SceneDelegate.swift in Sources */,
				8F31C7FC2966EE2700554AB8 /* SignUpViewController.swift in Sources */,
			);
			runOnlyForDeploymentPostprocessing = 0;
		};
/* End PBXSourcesBuildPhase section */

/* Begin PBXVariantGroup section */
		8F31C7C72965AC0100554AB8 /* Main.storyboard */ = {
			isa = PBXVariantGroup;
			children = (
				8F31C7C82965AC0100554AB8 /* Base */,
			);
			name = Main.storyboard;
			sourceTree = "<group>";
		};
		8F31C7CC2965AC0400554AB8 /* LaunchScreen.storyboard */ = {
			isa = PBXVariantGroup;
			children = (
				8F31C7CD2965AC0400554AB8 /* Base */,
			);
			name = LaunchScreen.storyboard;
			sourceTree = "<group>";
		};
/* End PBXVariantGroup section */

/* Begin XCBuildConfiguration section */
		8F31C7D02965AC0400554AB8 /* Debug */ = {
			isa = XCBuildConfiguration;
			buildSettings = {
				ALWAYS_SEARCH_USER_PATHS = NO;
				CLANG_ANALYZER_NONNULL = YES;
				CLANG_ANALYZER_NUMBER_OBJECT_CONVERSION = YES_AGGRESSIVE;
				CLANG_CXX_LANGUAGE_STANDARD = "gnu++20";
				CLANG_ENABLE_MODULES = YES;
				CLANG_ENABLE_OBJC_ARC = YES;
				CLANG_ENABLE_OBJC_WEAK = YES;
				CLANG_WARN_BLOCK_CAPTURE_AUTORELEASING = YES;
				CLANG_WARN_BOOL_CONVERSION = YES;
				CLANG_WARN_COMMA = YES;
				CLANG_WARN_CONSTANT_CONVERSION = YES;
				CLANG_WARN_DEPRECATED_OBJC_IMPLEMENTATIONS = YES;
				CLANG_WARN_DIRECT_OBJC_ISA_USAGE = YES_ERROR;
				CLANG_WARN_DOCUMENTATION_COMMENTS = YES;
				CLANG_WARN_EMPTY_BODY = YES;
				CLANG_WARN_ENUM_CONVERSION = YES;
				CLANG_WARN_INFINITE_RECURSION = YES;
				CLANG_WARN_INT_CONVERSION = YES;
				CLANG_WARN_NON_LITERAL_NULL_CONVERSION = YES;
				CLANG_WARN_OBJC_IMPLICIT_RETAIN_SELF = YES;
				CLANG_WARN_OBJC_LITERAL_CONVERSION = YES;
				CLANG_WARN_OBJC_ROOT_CLASS = YES_ERROR;
				CLANG_WARN_QUOTED_INCLUDE_IN_FRAMEWORK_HEADER = YES;
				CLANG_WARN_RANGE_LOOP_ANALYSIS = YES;
				CLANG_WARN_STRICT_PROTOTYPES = YES;
				CLANG_WARN_SUSPICIOUS_MOVE = YES;
				CLANG_WARN_UNGUARDED_AVAILABILITY = YES_AGGRESSIVE;
				CLANG_WARN_UNREACHABLE_CODE = YES;
				CLANG_WARN__DUPLICATE_METHOD_MATCH = YES;
				COPY_PHASE_STRIP = NO;
				DEBUG_INFORMATION_FORMAT = dwarf;
				ENABLE_STRICT_OBJC_MSGSEND = YES;
				ENABLE_TESTABILITY = YES;
				GCC_C_LANGUAGE_STANDARD = gnu11;
				GCC_DYNAMIC_NO_PIC = NO;
				GCC_NO_COMMON_BLOCKS = YES;
				GCC_OPTIMIZATION_LEVEL = 0;
				GCC_PREPROCESSOR_DEFINITIONS = (
					"DEBUG=1",
					"$(inherited)",
				);
				GCC_WARN_64_TO_32_BIT_CONVERSION = YES;
				GCC_WARN_ABOUT_RETURN_TYPE = YES_ERROR;
				GCC_WARN_UNDECLARED_SELECTOR = YES;
				GCC_WARN_UNINITIALIZED_AUTOS = YES_AGGRESSIVE;
				GCC_WARN_UNUSED_FUNCTION = YES;
				GCC_WARN_UNUSED_VARIABLE = YES;
				IPHONEOS_DEPLOYMENT_TARGET = 16.1;
				MTL_ENABLE_DEBUG_INFO = INCLUDE_SOURCE;
				MTL_FAST_MATH = YES;
				ONLY_ACTIVE_ARCH = YES;
				SDKROOT = iphoneos;
				SWIFT_ACTIVE_COMPILATION_CONDITIONS = DEBUG;
				SWIFT_OPTIMIZATION_LEVEL = "-Onone";
			};
			name = Debug;
		};
		8F31C7D12965AC0400554AB8 /* Release */ = {
			isa = XCBuildConfiguration;
			buildSettings = {
				ALWAYS_SEARCH_USER_PATHS = NO;
				CLANG_ANALYZER_NONNULL = YES;
				CLANG_ANALYZER_NUMBER_OBJECT_CONVERSION = YES_AGGRESSIVE;
				CLANG_CXX_LANGUAGE_STANDARD = "gnu++20";
				CLANG_ENABLE_MODULES = YES;
				CLANG_ENABLE_OBJC_ARC = YES;
				CLANG_ENABLE_OBJC_WEAK = YES;
				CLANG_WARN_BLOCK_CAPTURE_AUTORELEASING = YES;
				CLANG_WARN_BOOL_CONVERSION = YES;
				CLANG_WARN_COMMA = YES;
				CLANG_WARN_CONSTANT_CONVERSION = YES;
				CLANG_WARN_DEPRECATED_OBJC_IMPLEMENTATIONS = YES;
				CLANG_WARN_DIRECT_OBJC_ISA_USAGE = YES_ERROR;
				CLANG_WARN_DOCUMENTATION_COMMENTS = YES;
				CLANG_WARN_EMPTY_BODY = YES;
				CLANG_WARN_ENUM_CONVERSION = YES;
				CLANG_WARN_INFINITE_RECURSION = YES;
				CLANG_WARN_INT_CONVERSION = YES;
				CLANG_WARN_NON_LITERAL_NULL_CONVERSION = YES;
				CLANG_WARN_OBJC_IMPLICIT_RETAIN_SELF = YES;
				CLANG_WARN_OBJC_LITERAL_CONVERSION = YES;
				CLANG_WARN_OBJC_ROOT_CLASS = YES_ERROR;
				CLANG_WARN_QUOTED_INCLUDE_IN_FRAMEWORK_HEADER = YES;
				CLANG_WARN_RANGE_LOOP_ANALYSIS = YES;
				CLANG_WARN_STRICT_PROTOTYPES = YES;
				CLANG_WARN_SUSPICIOUS_MOVE = YES;
				CLANG_WARN_UNGUARDED_AVAILABILITY = YES_AGGRESSIVE;
				CLANG_WARN_UNREACHABLE_CODE = YES;
				CLANG_WARN__DUPLICATE_METHOD_MATCH = YES;
				COPY_PHASE_STRIP = NO;
				DEBUG_INFORMATION_FORMAT = "dwarf-with-dsym";
				ENABLE_NS_ASSERTIONS = NO;
				ENABLE_STRICT_OBJC_MSGSEND = YES;
				GCC_C_LANGUAGE_STANDARD = gnu11;
				GCC_NO_COMMON_BLOCKS = YES;
				GCC_WARN_64_TO_32_BIT_CONVERSION = YES;
				GCC_WARN_ABOUT_RETURN_TYPE = YES_ERROR;
				GCC_WARN_UNDECLARED_SELECTOR = YES;
				GCC_WARN_UNINITIALIZED_AUTOS = YES_AGGRESSIVE;
				GCC_WARN_UNUSED_FUNCTION = YES;
				GCC_WARN_UNUSED_VARIABLE = YES;
				IPHONEOS_DEPLOYMENT_TARGET = 16.1;
				MTL_ENABLE_DEBUG_INFO = NO;
				MTL_FAST_MATH = YES;
				SDKROOT = iphoneos;
				SWIFT_COMPILATION_MODE = wholemodule;
				SWIFT_OPTIMIZATION_LEVEL = "-O";
				VALIDATE_PRODUCT = YES;
			};
			name = Release;
		};
		8F31C7D32965AC0400554AB8 /* Debug */ = {
			isa = XCBuildConfiguration;
			baseConfigurationReference = 54C23F2EB65C218EDCFAE9AE /* Pods-Strats360_KidsApp.debug.xcconfig */;
			buildSettings = {
				ASSETCATALOG_COMPILER_APPICON_NAME = AppIcon;
				ASSETCATALOG_COMPILER_GLOBAL_ACCENT_COLOR_NAME = AccentColor;
				CLANG_OPTIMIZATION_PROFILE_FILE = /Users/niravdesai/Desktop/Testing_gitHub/Strats360_KidsApp/Info.plist;
				CODE_SIGN_STYLE = Automatic;
				CURRENT_PROJECT_VERSION = 1;
				DEVELOPMENT_TEAM = MNA6AL6UGK;
				GENERATE_INFOPLIST_FILE = YES;
				INFOPLIST_FILE = Strats360_KidsApp/Info.plist;
				INFOPLIST_KEY_UIApplicationSupportsIndirectInputEvents = YES;
				INFOPLIST_KEY_UILaunchStoryboardName = LaunchScreen;
				INFOPLIST_KEY_UIMainStoryboardFile = Main;
				INFOPLIST_KEY_UISupportedInterfaceOrientations_iPad = "UIInterfaceOrientationPortrait UIInterfaceOrientationPortraitUpsideDown UIInterfaceOrientationLandscapeLeft UIInterfaceOrientationLandscapeRight";
				INFOPLIST_KEY_UISupportedInterfaceOrientations_iPhone = "UIInterfaceOrientationPortrait UIInterfaceOrientationLandscapeLeft UIInterfaceOrientationLandscapeRight";
				IPHONEOS_DEPLOYMENT_TARGET = 15.6;
				LD_RUNPATH_SEARCH_PATHS = (
					"$(inherited)",
					"@executable_path/Frameworks",
				);
				MARKETING_VERSION = 1.0;
				PRODUCT_BUNDLE_IDENTIFIER = Strats360.360KidsApp;
				PRODUCT_NAME = "$(TARGET_NAME)";
				SWIFT_EMIT_LOC_STRINGS = YES;
				SWIFT_VERSION = 5.0;
				TARGETED_DEVICE_FAMILY = "1,2";
			};
			name = Debug;
		};
		8F31C7D42965AC0400554AB8 /* Release */ = {
			isa = XCBuildConfiguration;
			baseConfigurationReference = 2E07282F1800FC428CD2EF97 /* Pods-Strats360_KidsApp.release.xcconfig */;
			buildSettings = {
				ASSETCATALOG_COMPILER_APPICON_NAME = AppIcon;
				ASSETCATALOG_COMPILER_GLOBAL_ACCENT_COLOR_NAME = AccentColor;
				CLANG_OPTIMIZATION_PROFILE_FILE = /Users/niravdesai/Desktop/Testing_gitHub/Strats360_KidsApp/Info.plist;
				CODE_SIGN_STYLE = Automatic;
				CURRENT_PROJECT_VERSION = 1;
				DEVELOPMENT_TEAM = MNA6AL6UGK;
				GENERATE_INFOPLIST_FILE = YES;
				INFOPLIST_FILE = Strats360_KidsApp/Info.plist;
				INFOPLIST_KEY_UIApplicationSupportsIndirectInputEvents = YES;
				INFOPLIST_KEY_UILaunchStoryboardName = LaunchScreen;
				INFOPLIST_KEY_UIMainStoryboardFile = Main;
				INFOPLIST_KEY_UISupportedInterfaceOrientations_iPad = "UIInterfaceOrientationPortrait UIInterfaceOrientationPortraitUpsideDown UIInterfaceOrientationLandscapeLeft UIInterfaceOrientationLandscapeRight";
				INFOPLIST_KEY_UISupportedInterfaceOrientations_iPhone = "UIInterfaceOrientationPortrait UIInterfaceOrientationLandscapeLeft UIInterfaceOrientationLandscapeRight";
				IPHONEOS_DEPLOYMENT_TARGET = 15.6;
				LD_RUNPATH_SEARCH_PATHS = (
					"$(inherited)",
					"@executable_path/Frameworks",
				);
				MARKETING_VERSION = 1.0;
				PRODUCT_BUNDLE_IDENTIFIER = Strats360.360KidsApp;
				PRODUCT_NAME = "$(TARGET_NAME)";
				SWIFT_EMIT_LOC_STRINGS = YES;
				SWIFT_VERSION = 5.0;
				TARGETED_DEVICE_FAMILY = "1,2";
			};
			name = Release;
		};
/* End XCBuildConfiguration section */

/* Begin XCConfigurationList section */
		8F31C7B92965AC0100554AB8 /* Build configuration list for PBXProject "Strats360_KidsApp" */ = {
			isa = XCConfigurationList;
			buildConfigurations = (
				8F31C7D02965AC0400554AB8 /* Debug */,
				8F31C7D12965AC0400554AB8 /* Release */,
			);
			defaultConfigurationIsVisible = 0;
			defaultConfigurationName = Release;
		};
		8F31C7D22965AC0400554AB8 /* Build configuration list for PBXNativeTarget "Strats360_KidsApp" */ = {
			isa = XCConfigurationList;
			buildConfigurations = (
				8F31C7D32965AC0400554AB8 /* Debug */,
				8F31C7D42965AC0400554AB8 /* Release */,
			);
			defaultConfigurationIsVisible = 0;
			defaultConfigurationName = Release;
		};
/* End XCConfigurationList section */
	};
	rootObject = 8F31C7B62965AC0100554AB8 /* Project object */;
}
